// !$*UTF8*$!
{
	archiveVersion = 1;
	classes = {
	};
	objectVersion = 77;
	objects = {

/* Begin PBXBuildFile section */
		9C1B71C72D94691E00F7DB03 /* Alamofire in Frameworks */ = {isa = PBXBuildFile; productRef = 9C1B71C62D94691E00F7DB03 /* Alamofire */; };
		9C87E0192DA43E7E0076DB57 /* Crypto in Frameworks */ = {isa = PBXBuildFile; productRef = 9C87E0182DA43E7E0076DB57 /* Crypto */; };
		9C87E01B2DA43E7E0076DB57 /* _CryptoExtras in Frameworks */ = {isa = PBXBuildFile; productRef = 9C87E01A2DA43E7E0076DB57 /* _CryptoExtras */; };
		9C87E01E2DA43F430076DB57 /* CryptoSwift in Frameworks */ = {isa = PBXBuildFile; productRef = 9C87E01D2DA43F430076DB57 /* CryptoSwift */; };
/* End PBXBuildFile section */

/* Begin PBXContainerItemProxy section */
		9C1B71822D91D49C00F7DB03 /* PBXContainerItemProxy */ = {
			isa = PBXContainerItemProxy;
			containerPortal = 9C1B71692D91D49B00F7DB03 /* Project object */;
			proxyType = 1;
			remoteGlobalIDString = 9C1B71702D91D49B00F7DB03;
			remoteInfo = EhnotePracticeSwiftUI;
		};
		9C1B718C2D91D49C00F7DB03 /* PBXContainerItemProxy */ = {
			isa = PBXContainerItemProxy;
			containerPortal = 9C1B71692D91D49B00F7DB03 /* Project object */;
			proxyType = 1;
			remoteGlobalIDString = 9C1B71702D91D49B00F7DB03;
			remoteInfo = EhnotePracticeSwiftUI;
		};
/* End PBXContainerItemProxy section */

/* Begin PBXFileReference section */
		9C1B71712D91D49B00F7DB03 /* EhnotePracticeSwiftUI.app */ = {isa = PBXFileReference; explicitFileType = wrapper.application; includeInIndex = 0; path = EhnotePracticeSwiftUI.app; sourceTree = BUILT_PRODUCTS_DIR; };
		9C1B71812D91D49C00F7DB03 /* EhnotePracticeSwiftUITests.xctest */ = {isa = PBXFileReference; explicitFileType = wrapper.cfbundle; includeInIndex = 0; path = EhnotePracticeSwiftUITests.xctest; sourceTree = BUILT_PRODUCTS_DIR; };
		9C1B718B2D91D49C00F7DB03 /* EhnotePracticeSwiftUIUITests.xctest */ = {isa = PBXFileReference; explicitFileType = wrapper.cfbundle; includeInIndex = 0; path = EhnotePracticeSwiftUIUITests.xctest; sourceTree = BUILT_PRODUCTS_DIR; };
/* End PBXFileReference section */

/* Begin PBXFileSystemSynchronizedRootGroup section */
		9C1B71732D91D49B00F7DB03 /* EhnotePracticeSwiftUI */ = {
			isa = PBXFileSystemSynchronizedRootGroup;
			path = EhnotePracticeSwiftUI;
			sourceTree = "<group>";
		};
		9C1B71842D91D49C00F7DB03 /* EhnotePracticeSwiftUITests */ = {
			isa = PBXFileSystemSynchronizedRootGroup;
			path = EhnotePracticeSwiftUITests;
			sourceTree = "<group>";
		};
		9C1B718E2D91D49C00F7DB03 /* EhnotePracticeSwiftUIUITests */ = {
			isa = PBXFileSystemSynchronizedRootGroup;
			path = EhnotePracticeSwiftUIUITests;
			sourceTree = "<group>";
		};
/* End PBXFileSystemSynchronizedRootGroup section */

/* Begin PBXFrameworksBuildPhase section */
		9C1B716E2D91D49B00F7DB03 /* Frameworks */ = {
			isa = PBXFrameworksBuildPhase;
			buildActionMask = 2147483647;
			files = (
				9C1B71C72D94691E00F7DB03 /* Alamofire in Frameworks */,
				9C87E01E2DA43F430076DB57 /* CryptoSwift in Frameworks */,
				9C87E0192DA43E7E0076DB57 /* Crypto in Frameworks */,
				9C87E01B2DA43E7E0076DB57 /* _CryptoExtras in Frameworks */,
			);
			runOnlyForDeploymentPostprocessing = 0;
		};
		9C1B717E2D91D49C00F7DB03 /* Frameworks */ = {
			isa = PBXFrameworksBuildPhase;
			buildActionMask = 2147483647;
			files = (
			);
			runOnlyForDeploymentPostprocessing = 0;
		};
		9C1B71882D91D49C00F7DB03 /* Frameworks */ = {
			isa = PBXFrameworksBuildPhase;
			buildActionMask = 2147483647;
			files = (
			);
			runOnlyForDeploymentPostprocessing = 0;
		};
/* End PBXFrameworksBuildPhase section */

/* Begin PBXGroup section */
		9C1B71682D91D49B00F7DB03 = {
			isa = PBXGroup;
			children = (
				9C1B71732D91D49B00F7DB03 /* EhnotePracticeSwiftUI */,
				9C1B71842D91D49C00F7DB03 /* EhnotePracticeSwiftUITests */,
				9C1B718E2D91D49C00F7DB03 /* EhnotePracticeSwiftUIUITests */,
				9C1B71C52D94691E00F7DB03 /* Frameworks */,
				9C1B71722D91D49B00F7DB03 /* Products */,
			);
			sourceTree = "<group>";
		};
		9C1B71722D91D49B00F7DB03 /* Products */ = {
			isa = PBXGroup;
			children = (
				9C1B71712D91D49B00F7DB03 /* EhnotePracticeSwiftUI.app */,
				9C1B71812D91D49C00F7DB03 /* EhnotePracticeSwiftUITests.xctest */,
				9C1B718B2D91D49C00F7DB03 /* EhnotePracticeSwiftUIUITests.xctest */,
			);
			name = Products;
			sourceTree = "<group>";
		};
		9C1B71C52D94691E00F7DB03 /* Frameworks */ = {
			isa = PBXGroup;
			children = (
			);
			name = Frameworks;
			sourceTree = "<group>";
		};
/* End PBXGroup section */

/* Begin PBXNativeTarget section */
		9C1B71702D91D49B00F7DB03 /* EhnotePracticeSwiftUI */ = {
			isa = PBXNativeTarget;
			buildConfigurationList = 9C1B71952D91D49C00F7DB03 /* Build configuration list for PBXNativeTarget "EhnotePracticeSwiftUI" */;
			buildPhases = (
				9C1B716D2D91D49B00F7DB03 /* Sources */,
				9C1B716E2D91D49B00F7DB03 /* Frameworks */,
				9C1B716F2D91D49B00F7DB03 /* Resources */,
			);
			buildRules = (
			);
			dependencies = (
				9C1B71B92D93547D00F7DB03 /* PBXTargetDependency */,
			);
			fileSystemSynchronizedGroups = (
				9C1B71732D91D49B00F7DB03 /* EhnotePracticeSwiftUI */,
			);
			name = EhnotePracticeSwiftUI;
			packageProductDependencies = (
				9C1B71C62D94691E00F7DB03 /* Alamofire */,
				9C87E0182DA43E7E0076DB57 /* Crypto */,
				9C87E01A2DA43E7E0076DB57 /* _CryptoExtras */,
				9C87E01D2DA43F430076DB57 /* CryptoSwift */,
			);
			productName = EhnotePracticeSwiftUI;
			productReference = 9C1B71712D91D49B00F7DB03 /* EhnotePracticeSwiftUI.app */;
			productType = "com.apple.product-type.application";
		};
		9C1B71802D91D49C00F7DB03 /* EhnotePracticeSwiftUITests */ = {
			isa = PBXNativeTarget;
			buildConfigurationList = 9C1B71982D91D49C00F7DB03 /* Build configuration list for PBXNativeTarget "EhnotePracticeSwiftUITests" */;
			buildPhases = (
				9C1B717D2D91D49C00F7DB03 /* Sources */,
				9C1B717E2D91D49C00F7DB03 /* Frameworks */,
				9C1B717F2D91D49C00F7DB03 /* Resources */,
			);
			buildRules = (
			);
			dependencies = (
				9C1B71832D91D49C00F7DB03 /* PBXTargetDependency */,
			);
			fileSystemSynchronizedGroups = (
				9C1B71842D91D49C00F7DB03 /* EhnotePracticeSwiftUITests */,
			);
			name = EhnotePracticeSwiftUITests;
			packageProductDependencies = (
			);
			productName = EhnotePracticeSwiftUITests;
			productReference = 9C1B71812D91D49C00F7DB03 /* EhnotePracticeSwiftUITests.xctest */;
			productType = "com.apple.product-type.bundle.unit-test";
		};
		9C1B718A2D91D49C00F7DB03 /* EhnotePracticeSwiftUIUITests */ = {
			isa = PBXNativeTarget;
			buildConfigurationList = 9C1B719B2D91D49C00F7DB03 /* Build configuration list for PBXNativeTarget "EhnotePracticeSwiftUIUITests" */;
			buildPhases = (
				9C1B71872D91D49C00F7DB03 /* Sources */,
				9C1B71882D91D49C00F7DB03 /* Frameworks */,
				9C1B71892D91D49C00F7DB03 /* Resources */,
			);
			buildRules = (
			);
			dependencies = (
				9C1B718D2D91D49C00F7DB03 /* PBXTargetDependency */,
			);
			fileSystemSynchronizedGroups = (
				9C1B718E2D91D49C00F7DB03 /* EhnotePracticeSwiftUIUITests */,
			);
			name = EhnotePracticeSwiftUIUITests;
			packageProductDependencies = (
			);
			productName = EhnotePracticeSwiftUIUITests;
			productReference = 9C1B718B2D91D49C00F7DB03 /* EhnotePracticeSwiftUIUITests.xctest */;
			productType = "com.apple.product-type.bundle.ui-testing";
		};
/* End PBXNativeTarget section */

/* Begin PBXProject section */
		9C1B71692D91D49B00F7DB03 /* Project object */ = {
			isa = PBXProject;
			attributes = {
				BuildIndependentTargetsInParallel = 1;
				LastSwiftUpdateCheck = 1620;
				LastUpgradeCheck = 1620;
				TargetAttributes = {
					9C1B71702D91D49B00F7DB03 = {
						CreatedOnToolsVersion = 16.2;
					};
					9C1B71802D91D49C00F7DB03 = {
						CreatedOnToolsVersion = 16.2;
						TestTargetID = 9C1B71702D91D49B00F7DB03;
					};
					9C1B718A2D91D49C00F7DB03 = {
						CreatedOnToolsVersion = 16.2;
						TestTargetID = 9C1B71702D91D49B00F7DB03;
					};
				};
			};
			buildConfigurationList = 9C1B716C2D91D49B00F7DB03 /* Build configuration list for PBXProject "EhnotePracticeSwiftUI" */;
			developmentRegion = en;
			hasScannedForEncodings = 0;
			knownRegions = (
				en,
				Base,
			);
			mainGroup = 9C1B71682D91D49B00F7DB03;
			minimizedProjectReferenceProxies = 1;
			packageReferences = (
				9C1B71B72D93514800F7DB03 /* XCRemoteSwiftPackageReference "Alamofire" */,
				9C87E0172DA43E7E0076DB57 /* XCRemoteSwiftPackageReference "swift-crypto" */,
				9C87E01C2DA43F430076DB57 /* XCRemoteSwiftPackageReference "CryptoSwift" */,
			);
			preferredProjectObjectVersion = 77;
			productRefGroup = 9C1B71722D91D49B00F7DB03 /* Products */;
			projectDirPath = "";
			projectRoot = "";
			targets = (
				9C1B71702D91D49B00F7DB03 /* EhnotePracticeSwiftUI */,
				9C1B71802D91D49C00F7DB03 /* EhnotePracticeSwiftUITests */,
				9C1B718A2D91D49C00F7DB03 /* EhnotePracticeSwiftUIUITests */,
			);
		};
/* End PBXProject section */

/* Begin PBXResourcesBuildPhase section */
		9C1B716F2D91D49B00F7DB03 /* Resources */ = {
			isa = PBXResourcesBuildPhase;
			buildActionMask = 2147483647;
			files = (
			);
			runOnlyForDeploymentPostprocessing = 0;
		};
		9C1B717F2D91D49C00F7DB03 /* Resources */ = {
			isa = PBXResourcesBuildPhase;
			buildActionMask = 2147483647;
			files = (
			);
			runOnlyForDeploymentPostprocessing = 0;
		};
		9C1B71892D91D49C00F7DB03 /* Resources */ = {
			isa = PBXResourcesBuildPhase;
			buildActionMask = 2147483647;
			files = (
			);
			runOnlyForDeploymentPostprocessing = 0;
		};
/* End PBXResourcesBuildPhase section */

/* Begin PBXSourcesBuildPhase section */
		9C1B716D2D91D49B00F7DB03 /* Sources */ = {
			isa = PBXSourcesBuildPhase;
			buildActionMask = 2147483647;
			files = (
			);
			runOnlyForDeploymentPostprocessing = 0;
		};
		9C1B717D2D91D49C00F7DB03 /* Sources */ = {
			isa = PBXSourcesBuildPhase;
			buildActionMask = 2147483647;
			files = (
			);
			runOnlyForDeploymentPostprocessing = 0;
		};
		9C1B71872D91D49C00F7DB03 /* Sources */ = {
			isa = PBXSourcesBuildPhase;
			buildActionMask = 2147483647;
			files = (
			);
			runOnlyForDeploymentPostprocessing = 0;
		};
/* End PBXSourcesBuildPhase section */

/* Begin PBXTargetDependency section */
		9C1B71832D91D49C00F7DB03 /* PBXTargetDependency */ = {
			isa = PBXTargetDependency;
			target = 9C1B71702D91D49B00F7DB03 /* EhnotePracticeSwiftUI */;
			targetProxy = 9C1B71822D91D49C00F7DB03 /* PBXContainerItemProxy */;
		};
		9C1B718D2D91D49C00F7DB03 /* PBXTargetDependency */ = {
			isa = PBXTargetDependency;
			target = 9C1B71702D91D49B00F7DB03 /* EhnotePracticeSwiftUI */;
			targetProxy = 9C1B718C2D91D49C00F7DB03 /* PBXContainerItemProxy */;
		};
		9C1B71B92D93547D00F7DB03 /* PBXTargetDependency */ = {
			isa = PBXTargetDependency;
			productRef = 9C1B71B82D93547D00F7DB03 /* Alamofire */;
		};
/* End PBXTargetDependency section */

/* Begin XCBuildConfiguration section */
		9C1B71932D91D49C00F7DB03 /* Debug */ = {
			isa = XCBuildConfiguration;
			buildSettings = {
				ALWAYS_SEARCH_USER_PATHS = NO;
				ASSETCATALOG_COMPILER_GENERATE_SWIFT_ASSET_SYMBOL_EXTENSIONS = YES;
				CLANG_ANALYZER_NONNULL = YES;
				CLANG_ANALYZER_NUMBER_OBJECT_CONVERSION = YES_AGGRESSIVE;
				CLANG_CXX_LANGUAGE_STANDARD = "gnu++20";
				CLANG_ENABLE_MODULES = YES;
				CLANG_ENABLE_OBJC_ARC = YES;
				CLANG_ENABLE_OBJC_WEAK = YES;
				CLANG_WARN_BLOCK_CAPTURE_AUTORELEASING = YES;
				CLANG_WARN_BOOL_CONVERSION = YES;
				CLANG_WARN_COMMA = YES;
				CLANG_WARN_CONSTANT_CONVERSION = YES;
				CLANG_WARN_DEPRECATED_OBJC_IMPLEMENTATIONS = YES;
				CLANG_WARN_DIRECT_OBJC_ISA_USAGE = YES_ERROR;
				CLANG_WARN_DOCUMENTATION_COMMENTS = YES;
				CLANG_WARN_EMPTY_BODY = YES;
				CLANG_WARN_ENUM_CONVERSION = YES;
				CLANG_WARN_INFINITE_RECURSION = YES;
				CLANG_WARN_INT_CONVERSION = YES;
				CLANG_WARN_NON_LITERAL_NULL_CONVERSION = YES;
				CLANG_WARN_OBJC_IMPLICIT_RETAIN_SELF = YES;
				CLANG_WARN_OBJC_LITERAL_CONVERSION = YES;
				CLANG_WARN_OBJC_ROOT_CLASS = YES_ERROR;
				CLANG_WARN_QUOTED_INCLUDE_IN_FRAMEWORK_HEADER = YES;
				CLANG_WARN_RANGE_LOOP_ANALYSIS = YES;
				CLANG_WARN_STRICT_PROTOTYPES = YES;
				CLANG_WARN_SUSPICIOUS_MOVE = YES;
				CLANG_WARN_UNGUARDED_AVAILABILITY = YES_AGGRESSIVE;
				CLANG_WARN_UNREACHABLE_CODE = YES;
				CLANG_WARN__DUPLICATE_METHOD_MATCH = YES;
				COPY_PHASE_STRIP = NO;
				DEBUG_INFORMATION_FORMAT = dwarf;
				ENABLE_STRICT_OBJC_MSGSEND = YES;
				ENABLE_TESTABILITY = YES;
				ENABLE_USER_SCRIPT_SANDBOXING = YES;
				GCC_C_LANGUAGE_STANDARD = gnu17;
				GCC_DYNAMIC_NO_PIC = NO;
				GCC_NO_COMMON_BLOCKS = YES;
				GCC_OPTIMIZATION_LEVEL = 0;
				GCC_PREPROCESSOR_DEFINITIONS = (
					"DEBUG=1",
					"$(inherited)",
				);
				GCC_WARN_64_TO_32_BIT_CONVERSION = YES;
				GCC_WARN_ABOUT_RETURN_TYPE = YES_ERROR;
				GCC_WARN_UNDECLARED_SELECTOR = YES;
				GCC_WARN_UNINITIALIZED_AUTOS = YES_AGGRESSIVE;
				GCC_WARN_UNUSED_FUNCTION = YES;
				GCC_WARN_UNUSED_VARIABLE = YES;
				IPHONEOS_DEPLOYMENT_TARGET = 18.2;
				LOCALIZATION_PREFERS_STRING_CATALOGS = YES;
				MTL_ENABLE_DEBUG_INFO = INCLUDE_SOURCE;
				MTL_FAST_MATH = YES;
				ONLY_ACTIVE_ARCH = YES;
				SDKROOT = iphoneos;
				SWIFT_ACTIVE_COMPILATION_CONDITIONS = "DEBUG $(inherited)";
				SWIFT_OPTIMIZATION_LEVEL = "-Onone";
			};
			name = Debug;
		};
		9C1B71942D91D49C00F7DB03 /* Release */ = {
			isa = XCBuildConfiguration;
			buildSettings = {
				ALWAYS_SEARCH_USER_PATHS = NO;
				ASSETCATALOG_COMPILER_GENERATE_SWIFT_ASSET_SYMBOL_EXTENSIONS = YES;
				CLANG_ANALYZER_NONNULL = YES;
				CLANG_ANALYZER_NUMBER_OBJECT_CONVERSION = YES_AGGRESSIVE;
				CLANG_CXX_LANGUAGE_STANDARD = "gnu++20";
				CLANG_ENABLE_MODULES = YES;
				CLANG_ENABLE_OBJC_ARC = YES;
				CLANG_ENABLE_OBJC_WEAK = YES;
				CLANG_WARN_BLOCK_CAPTURE_AUTORELEASING = YES;
				CLANG_WARN_BOOL_CONVERSION = YES;
				CLANG_WARN_COMMA = YES;
				CLANG_WARN_CONSTANT_CONVERSION = YES;
				CLANG_WARN_DEPRECATED_OBJC_IMPLEMENTATIONS = YES;
				CLANG_WARN_DIRECT_OBJC_ISA_USAGE = YES_ERROR;
				CLANG_WARN_DOCUMENTATION_COMMENTS = YES;
				CLANG_WARN_EMPTY_BODY = YES;
				CLANG_WARN_ENUM_CONVERSION = YES;
				CLANG_WARN_INFINITE_RECURSION = YES;
				CLANG_WARN_INT_CONVERSION = YES;
				CLANG_WARN_NON_LITERAL_NULL_CONVERSION = YES;
				CLANG_WARN_OBJC_IMPLICIT_RETAIN_SELF = YES;
				CLANG_WARN_OBJC_LITERAL_CONVERSION = YES;
				CLANG_WARN_OBJC_ROOT_CLASS = YES_ERROR;
				CLANG_WARN_QUOTED_INCLUDE_IN_FRAMEWORK_HEADER = YES;
				CLANG_WARN_RANGE_LOOP_ANALYSIS = YES;
				CLANG_WARN_STRICT_PROTOTYPES = YES;
				CLANG_WARN_SUSPICIOUS_MOVE = YES;
				CLANG_WARN_UNGUARDED_AVAILABILITY = YES_AGGRESSIVE;
				CLANG_WARN_UNREACHABLE_CODE = YES;
				CLANG_WARN__DUPLICATE_METHOD_MATCH = YES;
				COPY_PHASE_STRIP = NO;
				DEBUG_INFORMATION_FORMAT = "dwarf-with-dsym";
				ENABLE_NS_ASSERTIONS = NO;
				ENABLE_STRICT_OBJC_MSGSEND = YES;
				ENABLE_USER_SCRIPT_SANDBOXING = YES;
				GCC_C_LANGUAGE_STANDARD = gnu17;
				GCC_NO_COMMON_BLOCKS = YES;
				GCC_WARN_64_TO_32_BIT_CONVERSION = YES;
				GCC_WARN_ABOUT_RETURN_TYPE = YES_ERROR;
				GCC_WARN_UNDECLARED_SELECTOR = YES;
				GCC_WARN_UNINITIALIZED_AUTOS = YES_AGGRESSIVE;
				GCC_WARN_UNUSED_FUNCTION = YES;
				GCC_WARN_UNUSED_VARIABLE = YES;
				IPHONEOS_DEPLOYMENT_TARGET = 18.2;
				LOCALIZATION_PREFERS_STRING_CATALOGS = YES;
				MTL_ENABLE_DEBUG_INFO = NO;
				MTL_FAST_MATH = YES;
				SDKROOT = iphoneos;
				SWIFT_COMPILATION_MODE = wholemodule;
				VALIDATE_PRODUCT = YES;
			};
			name = Release;
		};
		9C1B71962D91D49C00F7DB03 /* Debug */ = {
			isa = XCBuildConfiguration;
			buildSettings = {
				ASSETCATALOG_COMPILER_APPICON_NAME = AppIcon;
				ASSETCATALOG_COMPILER_GLOBAL_ACCENT_COLOR_NAME = AccentColor;
				CODE_SIGN_STYLE = Automatic;
				CURRENT_PROJECT_VERSION = 1;
				DEVELOPMENT_ASSET_PATHS = "\"EhnotePracticeSwiftUI/Preview Content\"";
				DEVELOPMENT_TEAM = ZCJ34KUBBL;
				ENABLE_PREVIEWS = YES;
				GENERATE_INFOPLIST_FILE = YES;
				INFOPLIST_KEY_UIApplicationSceneManifest_Generation = YES;
				INFOPLIST_KEY_UIApplicationSupportsIndirectInputEvents = YES;
				INFOPLIST_KEY_UILaunchScreen_Generation = YES;
				INFOPLIST_KEY_UILaunchStoryboardName = "Launch Screen";
				INFOPLIST_KEY_UISupportedInterfaceOrientations = UIInterfaceOrientationPortrait;
				IPHONEOS_DEPLOYMENT_TARGET = 18.0;
				LD_RUNPATH_SEARCH_PATHS = (
					"$(inherited)",
					"@executable_path/Frameworks",
				);
				MARKETING_VERSION = 1.0;
				PRODUCT_BUNDLE_IDENTIFIER = com.ehnote.EhnotePractiveSwiftUI.EhnotePracticeSwiftUI;
				PRODUCT_NAME = "$(TARGET_NAME)";
				SWIFT_EMIT_LOC_STRINGS = YES;
				SWIFT_VERSION = 5.0;
				TARGETED_DEVICE_FAMILY = "1,2";
			};
			name = Debug;
		};
		9C1B71972D91D49C00F7DB03 /* Release */ = {
			isa = XCBuildConfiguration;
			buildSettings = {
				ASSETCATALOG_COMPILER_APPICON_NAME = AppIcon;
				ASSETCATALOG_COMPILER_GLOBAL_ACCENT_COLOR_NAME = AccentColor;
				CODE_SIGN_STYLE = Automatic;
				CURRENT_PROJECT_VERSION = 1;
				DEVELOPMENT_ASSET_PATHS = "\"EhnotePracticeSwiftUI/Preview Content\"";
				DEVELOPMENT_TEAM = ZCJ34KUBBL;
				ENABLE_PREVIEWS = YES;
				GENERATE_INFOPLIST_FILE = YES;
				INFOPLIST_KEY_UIApplicationSceneManifest_Generation = YES;
				INFOPLIST_KEY_UIApplicationSupportsIndirectInputEvents = YES;
				INFOPLIST_KEY_UILaunchScreen_Generation = YES;
				INFOPLIST_KEY_UILaunchStoryboardName = "Launch Screen";
				INFOPLIST_KEY_UISupportedInterfaceOrientations = UIInterfaceOrientationPortrait;
				IPHONEOS_DEPLOYMENT_TARGET = 18.0;
				LD_RUNPATH_SEARCH_PATHS = (
					"$(inherited)",
					"@executable_path/Frameworks",
				);
				MARKETING_VERSION = 1.0;
				PRODUCT_BUNDLE_IDENTIFIER = com.ehnote.EhnotePractiveSwiftUI.EhnotePracticeSwiftUI;
				PRODUCT_NAME = "$(TARGET_NAME)";
				SWIFT_EMIT_LOC_STRINGS = YES;
				SWIFT_VERSION = 5.0;
				TARGETED_DEVICE_FAMILY = "1,2";
			};
			name = Release;
		};
		9C1B71992D91D49C00F7DB03 /* Debug */ = {
			isa = XCBuildConfiguration;
			buildSettings = {
				BUNDLE_LOADER = "$(TEST_HOST)";
				CODE_SIGN_STYLE = Automatic;
				CURRENT_PROJECT_VERSION = 1;
				DEVELOPMENT_TEAM = N52Q7SSMRS;
				GENERATE_INFOPLIST_FILE = YES;
				IPHONEOS_DEPLOYMENT_TARGET = 18.2;
				MARKETING_VERSION = 1.0;
				PRODUCT_BUNDLE_IDENTIFIER = com.ehnote.EhnotePractiveSwiftUI.EhnotePracticeSwiftUITests;
				PRODUCT_NAME = "$(TARGET_NAME)";
				SWIFT_EMIT_LOC_STRINGS = NO;
				SWIFT_VERSION = 5.0;
				TARGETED_DEVICE_FAMILY = "1,2";
				TEST_HOST = "$(BUILT_PRODUCTS_DIR)/EhnotePracticeSwiftUI.app/$(BUNDLE_EXECUTABLE_FOLDER_PATH)/EhnotePracticeSwiftUI";
			};
			name = Debug;
		};
		9C1B719A2D91D49C00F7DB03 /* Release */ = {
			isa = XCBuildConfiguration;
			buildSettings = {
				BUNDLE_LOADER = "$(TEST_HOST)";
				CODE_SIGN_STYLE = Automatic;
				CURRENT_PROJECT_VERSION = 1;
				DEVELOPMENT_TEAM = N52Q7SSMRS;
				GENERATE_INFOPLIST_FILE = YES;
				IPHONEOS_DEPLOYMENT_TARGET = 18.2;
				MARKETING_VERSION = 1.0;
				PRODUCT_BUNDLE_IDENTIFIER = com.ehnote.EhnotePractiveSwiftUI.EhnotePracticeSwiftUITests;
				PRODUCT_NAME = "$(TARGET_NAME)";
				SWIFT_EMIT_LOC_STRINGS = NO;
				SWIFT_VERSION = 5.0;
				TARGETED_DEVICE_FAMILY = "1,2";
				TEST_HOST = "$(BUILT_PRODUCTS_DIR)/EhnotePracticeSwiftUI.app/$(BUNDLE_EXECUTABLE_FOLDER_PATH)/EhnotePracticeSwiftUI";
			};
			name = Release;
		};
		9C1B719C2D91D49C00F7DB03 /* Debug */ = {
			isa = XCBuildConfiguration;
			buildSettings = {
				CODE_SIGN_STYLE = Automatic;
				CURRENT_PROJECT_VERSION = 1;
				DEVELOPMENT_TEAM = N52Q7SSMRS;
				GENERATE_INFOPLIST_FILE = YES;
				MARKETING_VERSION = 1.0;
				PRODUCT_BUNDLE_IDENTIFIER = com.ehnote.EhnotePractiveSwiftUI.EhnotePracticeSwiftUIUITests;
				PRODUCT_NAME = "$(TARGET_NAME)";
				SWIFT_EMIT_LOC_STRINGS = NO;
				SWIFT_VERSION = 5.0;
				TARGETED_DEVICE_FAMILY = "1,2";
				TEST_TARGET_NAME = EhnotePracticeSwiftUI;
			};
			name = Debug;
		};
		9C1B719D2D91D49C00F7DB03 /* Release */ = {
			isa = XCBuildConfiguration;
			buildSettings = {
				CODE_SIGN_STYLE = Automatic;
				CURRENT_PROJECT_VERSION = 1;
				DEVELOPMENT_TEAM = N52Q7SSMRS;
				GENERATE_INFOPLIST_FILE = YES;
				MARKETING_VERSION = 1.0;
				PRODUCT_BUNDLE_IDENTIFIER = com.ehnote.EhnotePractiveSwiftUI.EhnotePracticeSwiftUIUITests;
				PRODUCT_NAME = "$(TARGET_NAME)";
				SWIFT_EMIT_LOC_STRINGS = NO;
				SWIFT_VERSION = 5.0;
				TARGETED_DEVICE_FAMILY = "1,2";
				TEST_TARGET_NAME = EhnotePracticeSwiftUI;
			};
			name = Release;
		};
/* End XCBuildConfiguration section */

/* Begin XCConfigurationList section */
		9C1B716C2D91D49B00F7DB03 /* Build configuration list for PBXProject "EhnotePracticeSwiftUI" */ = {
			isa = XCConfigurationList;
			buildConfigurations = (
				9C1B71932D91D49C00F7DB03 /* Debug */,
				9C1B71942D91D49C00F7DB03 /* Release */,
			);
			defaultConfigurationIsVisible = 0;
			defaultConfigurationName = Release;
		};
		9C1B71952D91D49C00F7DB03 /* Build configuration list for PBXNativeTarget "EhnotePracticeSwiftUI" */ = {
			isa = XCConfigurationList;
			buildConfigurations = (
				9C1B71962D91D49C00F7DB03 /* Debug */,
				9C1B71972D91D49C00F7DB03 /* Release */,
			);
			defaultConfigurationIsVisible = 0;
			defaultConfigurationName = Release;
		};
		9C1B71982D91D49C00F7DB03 /* Build configuration list for PBXNativeTarget "EhnotePracticeSwiftUITests" */ = {
			isa = XCConfigurationList;
			buildConfigurations = (
				9C1B71992D91D49C00F7DB03 /* Debug */,
				9C1B719A2D91D49C00F7DB03 /* Release */,
			);
			defaultConfigurationIsVisible = 0;
			defaultConfigurationName = Release;
		};
		9C1B719B2D91D49C00F7DB03 /* Build configuration list for PBXNativeTarget "EhnotePracticeSwiftUIUITests" */ = {
			isa = XCConfigurationList;
			buildConfigurations = (
				9C1B719C2D91D49C00F7DB03 /* Debug */,
				9C1B719D2D91D49C00F7DB03 /* Release */,
			);
			defaultConfigurationIsVisible = 0;
			defaultConfigurationName = Release;
		};
/* End XCConfigurationList section */

/* Begin XCRemoteSwiftPackageReference section */
		9C1B71B72D93514800F7DB03 /* XCRemoteSwiftPackageReference "Alamofire" */ = {
			isa = XCRemoteSwiftPackageReference;
			repositoryURL = "https://github.com/Alamofire/Alamofire.git";
			requirement = {
				kind = upToNextMajorVersion;
				minimumVersion = 5.10.2;
			};
		};
		9C87E0172DA43E7E0076DB57 /* XCRemoteSwiftPackageReference "swift-crypto" */ = {
			isa = XCRemoteSwiftPackageReference;
			repositoryURL = "https://github.com/apple/swift-crypto.git";
			requirement = {
				kind = upToNextMajorVersion;
				minimumVersion = 3.12.3;
			};
		};
		9C87E01C2DA43F430076DB57 /* XCRemoteSwiftPackageReference "CryptoSwift" */ = {
			isa = XCRemoteSwiftPackageReference;
			repositoryURL = "https://github.com/krzyzanowskim/CryptoSwift.git";
			requirement = {
				kind = upToNextMajorVersion;
				minimumVersion = 1.8.4;
			};
		};
/* End XCRemoteSwiftPackageReference section */

/* Begin XCSwiftPackageProductDependency section */
		9C1B71B82D93547D00F7DB03 /* Alamofire */ = {
			isa = XCSwiftPackageProductDependency;
			package = 9C1B71B72D93514800F7DB03 /* XCRemoteSwiftPackageReference "Alamofire" */;
			productName = Alamofire;
		};
		9C1B71C62D94691E00F7DB03 /* Alamofire */ = {
			isa = XCSwiftPackageProductDependency;
			package = 9C1B71B72D93514800F7DB03 /* XCRemoteSwiftPackageReference "Alamofire" */;
			productName = Alamofire;
		};
		9C87E0182DA43E7E0076DB57 /* Crypto */ = {
			isa = XCSwiftPackageProductDependency;
			package = 9C87E0172DA43E7E0076DB57 /* XCRemoteSwiftPackageReference "swift-crypto" */;
			productName = Crypto;
		};
		9C87E01A2DA43E7E0076DB57 /* _CryptoExtras */ = {
			isa = XCSwiftPackageProductDependency;
			package = 9C87E0172DA43E7E0076DB57 /* XCRemoteSwiftPackageReference "swift-crypto" */;
			productName = _CryptoExtras;
		};
		9C87E01D2DA43F430076DB57 /* CryptoSwift */ = {
			isa = XCSwiftPackageProductDependency;
			package = 9C87E01C2DA43F430076DB57 /* XCRemoteSwiftPackageReference "CryptoSwift" */;
			productName = CryptoSwift;
		};
/* End XCSwiftPackageProductDependency section */
	};
	rootObject = 9C1B71692D91D49B00F7DB03 /* Project object */;
}
